# This file is automatically @generated by Cargo.
# It is not intended for manual editing.
[[package]]
name = "werewolf-rs"
version = "0.1.0"

[[package]]
name = "werewolf_rs_client"
version = "0.1.0"
dependencies = [
 "werewolf-rs",
]

[[package]]
name = "werewolf_rs_server"
version = "0.1.0"
dependencies = [
 "werewolf-rs",
]
